
Microsoft Visual Studio Solution File, Format Version 12.00
# Visual Studio Version 17
VisualStudioVersion = 17.7.34031.279
MinimumVisualStudioVersion = 10.0.40219.1
Project("{8BC9CEB8-8B4A-11D0-8D11-00A0C91BC942}") = "RPBO_lab1(2)", "RPBO_lab1(2).vcxproj", "{77995C79-921C-482B-BCE5-31CF35E9DE38}"
EndProject
Global
	GlobalSection(SolutionConfigurationPlatforms) = preSolution
		Debug|x64 = Debug|x64
		Debug|x86 = Debug|x86
		Release|x64 = Release|x64
		Release|x86 = Release|x86
	EndGlobalSection
	GlobalSection(ProjectConfigurationPlatforms) = postSolution
		{77995C79-921C-482B-BCE5-31CF35E9DE38}.Debug|x64.ActiveCfg = Debug|x64
		{77995C79-921C-482B-BCE5-31CF35E9DE38}.Debug|x64.Build.0 = Debug|x64
		{77995C79-921C-482B-BCE5-31CF35E9DE38}.Debug|x86.ActiveCfg = Debug|Win32
		{77995C79-921C-482B-BCE5-31CF35E9DE38}.Debug|x86.Build.0 = Debug|Win32
		{77995C79-921C-482B-BCE5-31CF35E9DE38}.Release|x64.ActiveCfg = Release|x64
		{77995C79-921C-482B-BCE5-31CF35E9DE38}.Release|x64.Build.0 = Release|x64
		{77995C79-921C-482B-BCE5-31CF35E9DE38}.Release|x86.ActiveCfg = Release|Win32
		{77995C79-921C-482B-BCE5-31CF35E9DE38}.Release|x86.Build.0 = Release|Win32
	EndGlobalSection
	GlobalSection(SolutionProperties) = preSolution
		HideSolutionNode = FALSE
	EndGlobalSection
	GlobalSection(ExtensibilityGlobals) = postSolution
		SolutionGuid = {539E3BF7-9B83-4014-ADDD-E78AD9BA7DE5}
	EndGlobalSection
EndGlobal
